
Microsoft Visual Studio Solution File, Format Version 12.00
Project("{2150E333-8FDC-42A3-9474-1A3956D46DE8}") = "Src", "Src", "{70F562C7-F64C-41AF-AF87-BA1154469739}"
EndProject
Project("{2150E333-8FDC-42A3-9474-1A3956D46DE8}") = "Tests", "Tests", "{E070F703-2CA3-4616-99FA-31E1BF243C84}"
EndProject
Project("{2150E333-8FDC-42A3-9474-1A3956D46DE8}") = "Sample", "Sample", "{EBC55255-321A-445A-A12B-2F879EAA3E6C}"
EndProject
Project("{FAE04EC0-301F-11D3-BF4B-00C04F79EFBC}") = "Result", "Src\Result\Result.csproj", "{05AA90E6-FB99-4479-B41E-9DA452A53CC7}"
EndProject
Project("{FAE04EC0-301F-11D3-BF4B-00C04F79EFBC}") = "ResultSample", "ResultSample\ResultSample.csproj", "{443A4168-D041-4F2C-ADF1-CA83EB1773BC}"
EndProject
Global
	GlobalSection(SolutionConfigurationPlatforms) = preSolution
		Debug|Any CPU = Debug|Any CPU
		Release|Any CPU = Release|Any CPU
	EndGlobalSection
	GlobalSection(NestedProjects) = preSolution
		{05AA90E6-FB99-4479-B41E-9DA452A53CC7} = {70F562C7-F64C-41AF-AF87-BA1154469739}
		{443A4168-D041-4F2C-ADF1-CA83EB1773BC} = {EBC55255-321A-445A-A12B-2F879EAA3E6C}
	EndGlobalSection
	GlobalSection(ProjectConfigurationPlatforms) = postSolution
		{05AA90E6-FB99-4479-B41E-9DA452A53CC7}.Debug|Any CPU.ActiveCfg = Debug|Any CPU
		{05AA90E6-FB99-4479-B41E-9DA452A53CC7}.Debug|Any CPU.Build.0 = Debug|Any CPU
		{05AA90E6-FB99-4479-B41E-9DA452A53CC7}.Release|Any CPU.ActiveCfg = Release|Any CPU
		{05AA90E6-FB99-4479-B41E-9DA452A53CC7}.Release|Any CPU.Build.0 = Release|Any CPU
		{443A4168-D041-4F2C-ADF1-CA83EB1773BC}.Debug|Any CPU.ActiveCfg = Debug|Any CPU
		{443A4168-D041-4F2C-ADF1-CA83EB1773BC}.Debug|Any CPU.Build.0 = Debug|Any CPU
		{443A4168-D041-4F2C-ADF1-CA83EB1773BC}.Release|Any CPU.ActiveCfg = Release|Any CPU
		{443A4168-D041-4F2C-ADF1-CA83EB1773BC}.Release|Any CPU.Build.0 = Release|Any CPU
	EndGlobalSection
EndGlobal
